
Microsoft Visual Studio Solution File, Format Version 12.00
# Visual Studio 14
VisualStudioVersion = 14.0.25420.1
MinimumVisualStudioVersion = 10.0.40219.1
Project("{FAE04EC0-301F-11D3-BF4B-00C04F79EFBC}") = "SPControls.MarkdownTextView", "SPControls.MarkdownTextView\SPControls.MarkdownTextView.csproj", "{67F9D3A8-F71E-4428-913F-C37AE82CDB24}"
EndProject
Project("{FAE04EC0-301F-11D3-BF4B-00C04F79EFBC}") = "SPControls.MarkdownTextView.Droid", "SPControls.MarkdownTextView.Droid\SPControls.MarkdownTextView.Droid.csproj", "{6DE3988B-D8F7-4AB5-8996-AF1BC4808E47}"
EndProject
Project("{FAE04EC0-301F-11D3-BF4B-00C04F79EFBC}") = "SPControls.MarkdownTextView.iOS", "SPControls.MarkdownTextView.iOS\SPControls.MarkdownTextView.iOS.csproj", "{886E4F51-3D0E-407D-95C9-A5C4640A6118}"
EndProject
Project("{FAE04EC0-301F-11D3-BF4B-00C04F79EFBC}") = "ExampleApp.Android", "..\..\..\Example\ExampleApp\ExampleApp.Android\ExampleApp.Android.csproj", "{ED4EE319-8093-4DEB-A04E-54AAE93D4D9B}"
EndProject
Project("{FAE04EC0-301F-11D3-BF4B-00C04F79EFBC}") = "ExampleApp", "..\..\..\Example\ExampleApp\ExampleApp\ExampleApp.csproj", "{8DD48410-8798-46B4-B1CF-6A8D9F7C3CA7}"
EndProject
Project("{FAE04EC0-301F-11D3-BF4B-00C04F79EFBC}") = "ExampleApp.UWP", "..\..\..\Example\ExampleApp\ExampleApp.UWP\ExampleApp.UWP.csproj", "{C510D5DC-C90B-443F-8509-1E3B3A9EC451}"
EndProject
Project("{FAE04EC0-301F-11D3-BF4B-00C04F79EFBC}") = "ExampleApp.iOS", "..\..\..\Example\ExampleApp\ExampleApp.iOS\ExampleApp.iOS.csproj", "{7FBA5C7A-4EEC-405F-8BD3-16F2BD6F6759}"
EndProject
Project("{2150E333-8FDC-42A3-9474-1A3956D46DE8}") = "Example", "Example", "{5400B182-B63D-4A6C-832A-215A0E811AAC}"
EndProject
Project("{5DD5E4FA-CB73-4610-85AB-557B54E96AA9}") = "SuaveControls.MarkdownTextView.NuGet", "SuaveControls.MarkdownTextView.NuGet\SuaveControls.MarkdownTextView.NuGet.nuproj", "{24DDCBE7-068B-49B5-9720-ADBB9D9DF85F}"
EndProject
Global
	GlobalSection(SolutionConfigurationPlatforms) = preSolution
		Ad-Hoc|Any CPU = Ad-Hoc|Any CPU
		Ad-Hoc|ARM = Ad-Hoc|ARM
		Ad-Hoc|iPhone = Ad-Hoc|iPhone
		Ad-Hoc|iPhoneSimulator = Ad-Hoc|iPhoneSimulator
		Ad-Hoc|x64 = Ad-Hoc|x64
		Ad-Hoc|x86 = Ad-Hoc|x86
		AppStore|Any CPU = AppStore|Any CPU
		AppStore|ARM = AppStore|ARM
		AppStore|iPhone = AppStore|iPhone
		AppStore|iPhoneSimulator = AppStore|iPhoneSimulator
		AppStore|x64 = AppStore|x64
		AppStore|x86 = AppStore|x86
		Debug|Any CPU = Debug|Any CPU
		Debug|ARM = Debug|ARM
		Debug|iPhone = Debug|iPhone
		Debug|iPhoneSimulator = Debug|iPhoneSimulator
		Debug|x64 = Debug|x64
		Debug|x86 = Debug|x86
		Release|Any CPU = Release|Any CPU
		Release|ARM = Release|ARM
		Release|iPhone = Release|iPhone
		Release|iPhoneSimulator = Release|iPhoneSimulator
		Release|x64 = Release|x64
		Release|x86 = Release|x86
	EndGlobalSection
	GlobalSection(ProjectConfigurationPlatforms) = postSolution
		{67F9D3A8-F71E-4428-913F-C37AE82CDB24}.Ad-Hoc|Any CPU.ActiveCfg = Release|Any CPU
		{67F9D3A8-F71E-4428-913F-C37AE82CDB24}.Ad-Hoc|Any CPU.Build.0 = Release|Any CPU
		{67F9D3A8-F71E-4428-913F-C37AE82CDB24}.Ad-Hoc|ARM.ActiveCfg = Release|Any CPU
		{67F9D3A8-F71E-4428-913F-C37AE82CDB24}.Ad-Hoc|ARM.Build.0 = Release|Any CPU
		{67F9D3A8-F71E-4428-913F-C37AE82CDB24}.Ad-Hoc|iPhone.ActiveCfg = Release|Any CPU
		{67F9D3A8-F71E-4428-913F-C37AE82CDB24}.Ad-Hoc|iPhone.Build.0 = Release|Any CPU
		{67F9D3A8-F71E-4428-913F-C37AE82CDB24}.Ad-Hoc|iPhoneSimulator.ActiveCfg = Release|Any CPU
		{67F9D3A8-F71E-4428-913F-C37AE82CDB24}.Ad-Hoc|iPhoneSimulator.Build.0 = Release|Any CPU
		{67F9D3A8-F71E-4428-913F-C37AE82CDB24}.Ad-Hoc|x64.ActiveCfg = Release|Any CPU
		{67F9D3A8-F71E-4428-913F-C37AE82CDB24}.Ad-Hoc|x64.Build.0 = Release|Any CPU
		{67F9D3A8-F71E-4428-913F-C37AE82CDB24}.Ad-Hoc|x86.ActiveCfg = Release|Any CPU
		{67F9D3A8-F71E-4428-913F-C37AE82CDB24}.Ad-Hoc|x86.Build.0 = Release|Any CPU
		{67F9D3A8-F71E-4428-913F-C37AE82CDB24}.AppStore|Any CPU.ActiveCfg = Release|Any CPU
		{67F9D3A8-F71E-4428-913F-C37AE82CDB24}.AppStore|Any CPU.Build.0 = Release|Any CPU
		{67F9D3A8-F71E-4428-913F-C37AE82CDB24}.AppStore|ARM.ActiveCfg = Release|Any CPU
		{67F9D3A8-F71E-4428-913F-C37AE82CDB24}.AppStore|ARM.Build.0 = Release|Any CPU
		{67F9D3A8-F71E-4428-913F-C37AE82CDB24}.AppStore|iPhone.ActiveCfg = Release|Any CPU
		{67F9D3A8-F71E-4428-913F-C37AE82CDB24}.AppStore|iPhone.Build.0 = Release|Any CPU
		{67F9D3A8-F71E-4428-913F-C37AE82CDB24}.AppStore|iPhoneSimulator.ActiveCfg = Release|Any CPU
		{67F9D3A8-F71E-4428-913F-C37AE82CDB24}.AppStore|iPhoneSimulator.Build.0 = Release|Any CPU
		{67F9D3A8-F71E-4428-913F-C37AE82CDB24}.AppStore|x64.ActiveCfg = Release|Any CPU
		{67F9D3A8-F71E-4428-913F-C37AE82CDB24}.AppStore|x64.Build.0 = Release|Any CPU
		{67F9D3A8-F71E-4428-913F-C37AE82CDB24}.AppStore|x86.ActiveCfg = Release|Any CPU
		{67F9D3A8-F71E-4428-913F-C37AE82CDB24}.AppStore|x86.Build.0 = Release|Any CPU
		{67F9D3A8-F71E-4428-913F-C37AE82CDB24}.Debug|Any CPU.ActiveCfg = Debug|Any CPU
		{67F9D3A8-F71E-4428-913F-C37AE82CDB24}.Debug|Any CPU.Build.0 = Debug|Any CPU
		{67F9D3A8-F71E-4428-913F-C37AE82CDB24}.Debug|ARM.ActiveCfg = Debug|Any CPU
		{67F9D3A8-F71E-4428-913F-C37AE82CDB24}.Debug|ARM.Build.0 = Debug|Any CPU
		{67F9D3A8-F71E-4428-913F-C37AE82CDB24}.Debug|iPhone.ActiveCfg = Debug|Any CPU
		{67F9D3A8-F71E-4428-913F-C37AE82CDB24}.Debug|iPhone.Build.0 = Debug|Any CPU
		{67F9D3A8-F71E-4428-913F-C37AE82CDB24}.Debug|iPhoneSimulator.ActiveCfg = Debug|Any CPU
		{67F9D3A8-F71E-4428-913F-C37AE82CDB24}.Debug|iPhoneSimulator.Build.0 = Debug|Any CPU
		{67F9D3A8-F71E-4428-913F-C37AE82CDB24}.Debug|x64.ActiveCfg = Debug|Any CPU
		{67F9D3A8-F71E-4428-913F-C37AE82CDB24}.Debug|x64.Build.0 = Debug|Any CPU
		{67F9D3A8-F71E-4428-913F-C37AE82CDB24}.Debug|x86.ActiveCfg = Debug|Any CPU
		{67F9D3A8-F71E-4428-913F-C37AE82CDB24}.Debug|x86.Build.0 = Debug|Any CPU
		{67F9D3A8-F71E-4428-913F-C37AE82CDB24}.Release|Any CPU.ActiveCfg = Release|Any CPU
		{67F9D3A8-F71E-4428-913F-C37AE82CDB24}.Release|Any CPU.Build.0 = Release|Any CPU
		{67F9D3A8-F71E-4428-913F-C37AE82CDB24}.Release|ARM.ActiveCfg = Release|Any CPU
		{67F9D3A8-F71E-4428-913F-C37AE82CDB24}.Release|ARM.Build.0 = Release|Any CPU
		{67F9D3A8-F71E-4428-913F-C37AE82CDB24}.Release|iPhone.ActiveCfg = Release|Any CPU
		{67F9D3A8-F71E-4428-913F-C37AE82CDB24}.Release|iPhone.Build.0 = Release|Any CPU
		{67F9D3A8-F71E-4428-913F-C37AE82CDB24}.Release|iPhoneSimulator.ActiveCfg = Release|Any CPU
		{67F9D3A8-F71E-4428-913F-C37AE82CDB24}.Release|iPhoneSimulator.Build.0 = Release|Any CPU
		{67F9D3A8-F71E-4428-913F-C37AE82CDB24}.Release|x64.ActiveCfg = Release|Any CPU
		{67F9D3A8-F71E-4428-913F-C37AE82CDB24}.Release|x64.Build.0 = Release|Any CPU
		{67F9D3A8-F71E-4428-913F-C37AE82CDB24}.Release|x86.ActiveCfg = Release|Any CPU
		{67F9D3A8-F71E-4428-913F-C37AE82CDB24}.Release|x86.Build.0 = Release|Any CPU
		{6DE3988B-D8F7-4AB5-8996-AF1BC4808E47}.Ad-Hoc|Any CPU.ActiveCfg = Release|Any CPU
		{6DE3988B-D8F7-4AB5-8996-AF1BC4808E47}.Ad-Hoc|Any CPU.Build.0 = Release|Any CPU
		{6DE3988B-D8F7-4AB5-8996-AF1BC4808E47}.Ad-Hoc|ARM.ActiveCfg = Release|Any CPU
		{6DE3988B-D8F7-4AB5-8996-AF1BC4808E47}.Ad-Hoc|ARM.Build.0 = Release|Any CPU
		{6DE3988B-D8F7-4AB5-8996-AF1BC4808E47}.Ad-Hoc|iPhone.ActiveCfg = Release|Any CPU
		{6DE3988B-D8F7-4AB5-8996-AF1BC4808E47}.Ad-Hoc|iPhone.Build.0 = Release|Any CPU
		{6DE3988B-D8F7-4AB5-8996-AF1BC4808E47}.Ad-Hoc|iPhoneSimulator.ActiveCfg = Release|Any CPU
		{6DE3988B-D8F7-4AB5-8996-AF1BC4808E47}.Ad-Hoc|iPhoneSimulator.Build.0 = Release|Any CPU
		{6DE3988B-D8F7-4AB5-8996-AF1BC4808E47}.Ad-Hoc|x64.ActiveCfg = Release|Any CPU
		{6DE3988B-D8F7-4AB5-8996-AF1BC4808E47}.Ad-Hoc|x64.Build.0 = Release|Any CPU
		{6DE3988B-D8F7-4AB5-8996-AF1BC4808E47}.Ad-Hoc|x86.ActiveCfg = Release|Any CPU
		{6DE3988B-D8F7-4AB5-8996-AF1BC4808E47}.Ad-Hoc|x86.Build.0 = Release|Any CPU
		{6DE3988B-D8F7-4AB5-8996-AF1BC4808E47}.AppStore|Any CPU.ActiveCfg = Release|Any CPU
		{6DE3988B-D8F7-4AB5-8996-AF1BC4808E47}.AppStore|Any CPU.Build.0 = Release|Any CPU
		{6DE3988B-D8F7-4AB5-8996-AF1BC4808E47}.AppStore|ARM.ActiveCfg = Release|Any CPU
		{6DE3988B-D8F7-4AB5-8996-AF1BC4808E47}.AppStore|ARM.Build.0 = Release|Any CPU
		{6DE3988B-D8F7-4AB5-8996-AF1BC4808E47}.AppStore|iPhone.ActiveCfg = Release|Any CPU
		{6DE3988B-D8F7-4AB5-8996-AF1BC4808E47}.AppStore|iPhone.Build.0 = Release|Any CPU
		{6DE3988B-D8F7-4AB5-8996-AF1BC4808E47}.AppStore|iPhoneSimulator.ActiveCfg = Release|Any CPU
		{6DE3988B-D8F7-4AB5-8996-AF1BC4808E47}.AppStore|iPhoneSimulator.Build.0 = Release|Any CPU
		{6DE3988B-D8F7-4AB5-8996-AF1BC4808E47}.AppStore|x64.ActiveCfg = Release|Any CPU
		{6DE3988B-D8F7-4AB5-8996-AF1BC4808E47}.AppStore|x64.Build.0 = Release|Any CPU
		{6DE3988B-D8F7-4AB5-8996-AF1BC4808E47}.AppStore|x86.ActiveCfg = Release|Any CPU
		{6DE3988B-D8F7-4AB5-8996-AF1BC4808E47}.AppStore|x86.Build.0 = Release|Any CPU
		{6DE3988B-D8F7-4AB5-8996-AF1BC4808E47}.Debug|Any CPU.ActiveCfg = Debug|Any CPU
		{6DE3988B-D8F7-4AB5-8996-AF1BC4808E47}.Debug|Any CPU.Build.0 = Debug|Any CPU
		{6DE3988B-D8F7-4AB5-8996-AF1BC4808E47}.Debug|ARM.ActiveCfg = Debug|Any CPU
		{6DE3988B-D8F7-4AB5-8996-AF1BC4808E47}.Debug|ARM.Build.0 = Debug|Any CPU
		{6DE3988B-D8F7-4AB5-8996-AF1BC4808E47}.Debug|iPhone.ActiveCfg = Debug|Any CPU
		{6DE3988B-D8F7-4AB5-8996-AF1BC4808E47}.Debug|iPhone.Build.0 = Debug|Any CPU
		{6DE3988B-D8F7-4AB5-8996-AF1BC4808E47}.Debug|iPhoneSimulator.ActiveCfg = Debug|Any CPU
		{6DE3988B-D8F7-4AB5-8996-AF1BC4808E47}.Debug|iPhoneSimulator.Build.0 = Debug|Any CPU
		{6DE3988B-D8F7-4AB5-8996-AF1BC4808E47}.Debug|x64.ActiveCfg = Debug|Any CPU
		{6DE3988B-D8F7-4AB5-8996-AF1BC4808E47}.Debug|x64.Build.0 = Debug|Any CPU
		{6DE3988B-D8F7-4AB5-8996-AF1BC4808E47}.Debug|x86.ActiveCfg = Debug|Any CPU
		{6DE3988B-D8F7-4AB5-8996-AF1BC4808E47}.Debug|x86.Build.0 = Debug|Any CPU
		{6DE3988B-D8F7-4AB5-8996-AF1BC4808E47}.Release|Any CPU.ActiveCfg = Release|Any CPU
		{6DE3988B-D8F7-4AB5-8996-AF1BC4808E47}.Release|Any CPU.Build.0 = Release|Any CPU
		{6DE3988B-D8F7-4AB5-8996-AF1BC4808E47}.Release|ARM.ActiveCfg = Release|Any CPU
		{6DE3988B-D8F7-4AB5-8996-AF1BC4808E47}.Release|ARM.Build.0 = Release|Any CPU
		{6DE3988B-D8F7-4AB5-8996-AF1BC4808E47}.Release|iPhone.ActiveCfg = Release|Any CPU
		{6DE3988B-D8F7-4AB5-8996-AF1BC4808E47}.Release|iPhone.Build.0 = Release|Any CPU
		{6DE3988B-D8F7-4AB5-8996-AF1BC4808E47}.Release|iPhoneSimulator.ActiveCfg = Release|Any CPU
		{6DE3988B-D8F7-4AB5-8996-AF1BC4808E47}.Release|iPhoneSimulator.Build.0 = Release|Any CPU
		{6DE3988B-D8F7-4AB5-8996-AF1BC4808E47}.Release|x64.ActiveCfg = Release|Any CPU
		{6DE3988B-D8F7-4AB5-8996-AF1BC4808E47}.Release|x64.Build.0 = Release|Any CPU
		{6DE3988B-D8F7-4AB5-8996-AF1BC4808E47}.Release|x86.ActiveCfg = Release|Any CPU
		{6DE3988B-D8F7-4AB5-8996-AF1BC4808E47}.Release|x86.Build.0 = Release|Any CPU
		{886E4F51-3D0E-407D-95C9-A5C4640A6118}.Ad-Hoc|Any CPU.ActiveCfg = Release|Any CPU
		{886E4F51-3D0E-407D-95C9-A5C4640A6118}.Ad-Hoc|Any CPU.Build.0 = Release|Any CPU
		{886E4F51-3D0E-407D-95C9-A5C4640A6118}.Ad-Hoc|ARM.ActiveCfg = Release|Any CPU
		{886E4F51-3D0E-407D-95C9-A5C4640A6118}.Ad-Hoc|ARM.Build.0 = Release|Any CPU
		{886E4F51-3D0E-407D-95C9-A5C4640A6118}.Ad-Hoc|iPhone.ActiveCfg = Release|Any CPU
		{886E4F51-3D0E-407D-95C9-A5C4640A6118}.Ad-Hoc|iPhone.Build.0 = Release|Any CPU
		{886E4F51-3D0E-407D-95C9-A5C4640A6118}.Ad-Hoc|iPhoneSimulator.ActiveCfg = Release|Any CPU
		{886E4F51-3D0E-407D-95C9-A5C4640A6118}.Ad-Hoc|iPhoneSimulator.Build.0 = Release|Any CPU
		{886E4F51-3D0E-407D-95C9-A5C4640A6118}.Ad-Hoc|x64.ActiveCfg = Release|Any CPU
		{886E4F51-3D0E-407D-95C9-A5C4640A6118}.Ad-Hoc|x64.Build.0 = Release|Any CPU
		{886E4F51-3D0E-407D-95C9-A5C4640A6118}.Ad-Hoc|x86.ActiveCfg = Release|Any CPU
		{886E4F51-3D0E-407D-95C9-A5C4640A6118}.Ad-Hoc|x86.Build.0 = Release|Any CPU
		{886E4F51-3D0E-407D-95C9-A5C4640A6118}.AppStore|Any CPU.ActiveCfg = Release|Any CPU
		{886E4F51-3D0E-407D-95C9-A5C4640A6118}.AppStore|Any CPU.Build.0 = Release|Any CPU
		{886E4F51-3D0E-407D-95C9-A5C4640A6118}.AppStore|ARM.ActiveCfg = Release|Any CPU
		{886E4F51-3D0E-407D-95C9-A5C4640A6118}.AppStore|ARM.Build.0 = Release|Any CPU
		{886E4F51-3D0E-407D-95C9-A5C4640A6118}.AppStore|iPhone.ActiveCfg = Release|Any CPU
		{886E4F51-3D0E-407D-95C9-A5C4640A6118}.AppStore|iPhone.Build.0 = Release|Any CPU
		{886E4F51-3D0E-407D-95C9-A5C4640A6118}.AppStore|iPhoneSimulator.ActiveCfg = Release|Any CPU
		{886E4F51-3D0E-407D-95C9-A5C4640A6118}.AppStore|iPhoneSimulator.Build.0 = Release|Any CPU
		{886E4F51-3D0E-407D-95C9-A5C4640A6118}.AppStore|x64.ActiveCfg = Release|Any CPU
		{886E4F51-3D0E-407D-95C9-A5C4640A6118}.AppStore|x64.Build.0 = Release|Any CPU
		{886E4F51-3D0E-407D-95C9-A5C4640A6118}.AppStore|x86.ActiveCfg = Release|Any CPU
		{886E4F51-3D0E-407D-95C9-A5C4640A6118}.AppStore|x86.Build.0 = Release|Any CPU
		{886E4F51-3D0E-407D-95C9-A5C4640A6118}.Debug|Any CPU.ActiveCfg = Debug|Any CPU
		{886E4F51-3D0E-407D-95C9-A5C4640A6118}.Debug|Any CPU.Build.0 = Debug|Any CPU
		{886E4F51-3D0E-407D-95C9-A5C4640A6118}.Debug|ARM.ActiveCfg = Debug|Any CPU
		{886E4F51-3D0E-407D-95C9-A5C4640A6118}.Debug|ARM.Build.0 = Debug|Any CPU
		{886E4F51-3D0E-407D-95C9-A5C4640A6118}.Debug|iPhone.ActiveCfg = Debug|Any CPU
		{886E4F51-3D0E-407D-95C9-A5C4640A6118}.Debug|iPhone.Build.0 = Debug|Any CPU
		{886E4F51-3D0E-407D-95C9-A5C4640A6118}.Debug|iPhoneSimulator.ActiveCfg = Debug|Any CPU
		{886E4F51-3D0E-407D-95C9-A5C4640A6118}.Debug|iPhoneSimulator.Build.0 = Debug|Any CPU
		{886E4F51-3D0E-407D-95C9-A5C4640A6118}.Debug|x64.ActiveCfg = Debug|Any CPU
		{886E4F51-3D0E-407D-95C9-A5C4640A6118}.Debug|x64.Build.0 = Debug|Any CPU
		{886E4F51-3D0E-407D-95C9-A5C4640A6118}.Debug|x86.ActiveCfg = Debug|Any CPU
		{886E4F51-3D0E-407D-95C9-A5C4640A6118}.Debug|x86.Build.0 = Debug|Any CPU
		{886E4F51-3D0E-407D-95C9-A5C4640A6118}.Release|Any CPU.ActiveCfg = Release|Any CPU
		{886E4F51-3D0E-407D-95C9-A5C4640A6118}.Release|Any CPU.Build.0 = Release|Any CPU
		{886E4F51-3D0E-407D-95C9-A5C4640A6118}.Release|ARM.ActiveCfg = Release|Any CPU
		{886E4F51-3D0E-407D-95C9-A5C4640A6118}.Release|ARM.Build.0 = Release|Any CPU
		{886E4F51-3D0E-407D-95C9-A5C4640A6118}.Release|iPhone.ActiveCfg = Release|Any CPU
		{886E4F51-3D0E-407D-95C9-A5C4640A6118}.Release|iPhone.Build.0 = Release|Any CPU
		{886E4F51-3D0E-407D-95C9-A5C4640A6118}.Release|iPhoneSimulator.ActiveCfg = Release|Any CPU
		{886E4F51-3D0E-407D-95C9-A5C4640A6118}.Release|iPhoneSimulator.Build.0 = Release|Any CPU
		{886E4F51-3D0E-407D-95C9-A5C4640A6118}.Release|x64.ActiveCfg = Release|Any CPU
		{886E4F51-3D0E-407D-95C9-A5C4640A6118}.Release|x64.Build.0 = Release|Any CPU
		{886E4F51-3D0E-407D-95C9-A5C4640A6118}.Release|x86.ActiveCfg = Release|Any CPU
		{886E4F51-3D0E-407D-95C9-A5C4640A6118}.Release|x86.Build.0 = Release|Any CPU
		{ED4EE319-8093-4DEB-A04E-54AAE93D4D9B}.Ad-Hoc|Any CPU.ActiveCfg = Release|Any CPU
		{ED4EE319-8093-4DEB-A04E-54AAE93D4D9B}.Ad-Hoc|Any CPU.Build.0 = Release|Any CPU
		{ED4EE319-8093-4DEB-A04E-54AAE93D4D9B}.Ad-Hoc|Any CPU.Deploy.0 = Release|Any CPU
		{ED4EE319-8093-4DEB-A04E-54AAE93D4D9B}.Ad-Hoc|ARM.ActiveCfg = Release|Any CPU
		{ED4EE319-8093-4DEB-A04E-54AAE93D4D9B}.Ad-Hoc|ARM.Build.0 = Release|Any CPU
		{ED4EE319-8093-4DEB-A04E-54AAE93D4D9B}.Ad-Hoc|ARM.Deploy.0 = Release|Any CPU
		{ED4EE319-8093-4DEB-A04E-54AAE93D4D9B}.Ad-Hoc|iPhone.ActiveCfg = Release|Any CPU
		{ED4EE319-8093-4DEB-A04E-54AAE93D4D9B}.Ad-Hoc|iPhone.Build.0 = Release|Any CPU
		{ED4EE319-8093-4DEB-A04E-54AAE93D4D9B}.Ad-Hoc|iPhone.Deploy.0 = Release|Any CPU
		{ED4EE319-8093-4DEB-A04E-54AAE93D4D9B}.Ad-Hoc|iPhoneSimulator.ActiveCfg = Release|Any CPU
		{ED4EE319-8093-4DEB-A04E-54AAE93D4D9B}.Ad-Hoc|iPhoneSimulator.Build.0 = Release|Any CPU
		{ED4EE319-8093-4DEB-A04E-54AAE93D4D9B}.Ad-Hoc|iPhoneSimulator.Deploy.0 = Release|Any CPU
		{ED4EE319-8093-4DEB-A04E-54AAE93D4D9B}.Ad-Hoc|x64.ActiveCfg = Release|Any CPU
		{ED4EE319-8093-4DEB-A04E-54AAE93D4D9B}.Ad-Hoc|x64.Build.0 = Release|Any CPU
		{ED4EE319-8093-4DEB-A04E-54AAE93D4D9B}.Ad-Hoc|x64.Deploy.0 = Release|Any CPU
		{ED4EE319-8093-4DEB-A04E-54AAE93D4D9B}.Ad-Hoc|x86.ActiveCfg = Release|Any CPU
		{ED4EE319-8093-4DEB-A04E-54AAE93D4D9B}.Ad-Hoc|x86.Build.0 = Release|Any CPU
		{ED4EE319-8093-4DEB-A04E-54AAE93D4D9B}.Ad-Hoc|x86.Deploy.0 = Release|Any CPU
		{ED4EE319-8093-4DEB-A04E-54AAE93D4D9B}.AppStore|Any CPU.ActiveCfg = Release|Any CPU
		{ED4EE319-8093-4DEB-A04E-54AAE93D4D9B}.AppStore|Any CPU.Build.0 = Release|Any CPU
		{ED4EE319-8093-4DEB-A04E-54AAE93D4D9B}.AppStore|Any CPU.Deploy.0 = Release|Any CPU
		{ED4EE319-8093-4DEB-A04E-54AAE93D4D9B}.AppStore|ARM.ActiveCfg = Release|Any CPU
		{ED4EE319-8093-4DEB-A04E-54AAE93D4D9B}.AppStore|ARM.Build.0 = Release|Any CPU
		{ED4EE319-8093-4DEB-A04E-54AAE93D4D9B}.AppStore|ARM.Deploy.0 = Release|Any CPU
		{ED4EE319-8093-4DEB-A04E-54AAE93D4D9B}.AppStore|iPhone.ActiveCfg = Release|Any CPU
		{ED4EE319-8093-4DEB-A04E-54AAE93D4D9B}.AppStore|iPhone.Build.0 = Release|Any CPU
		{ED4EE319-8093-4DEB-A04E-54AAE93D4D9B}.AppStore|iPhone.Deploy.0 = Release|Any CPU
		{ED4EE319-8093-4DEB-A04E-54AAE93D4D9B}.AppStore|iPhoneSimulator.ActiveCfg = Release|Any CPU
		{ED4EE319-8093-4DEB-A04E-54AAE93D4D9B}.AppStore|iPhoneSimulator.Build.0 = Release|Any CPU
		{ED4EE319-8093-4DEB-A04E-54AAE93D4D9B}.AppStore|iPhoneSimulator.Deploy.0 = Release|Any CPU
		{ED4EE319-8093-4DEB-A04E-54AAE93D4D9B}.AppStore|x64.ActiveCfg = Release|Any CPU
		{ED4EE319-8093-4DEB-A04E-54AAE93D4D9B}.AppStore|x64.Build.0 = Release|Any CPU
		{ED4EE319-8093-4DEB-A04E-54AAE93D4D9B}.AppStore|x64.Deploy.0 = Release|Any CPU
		{ED4EE319-8093-4DEB-A04E-54AAE93D4D9B}.AppStore|x86.ActiveCfg = Release|Any CPU
		{ED4EE319-8093-4DEB-A04E-54AAE93D4D9B}.AppStore|x86.Build.0 = Release|Any CPU
		{ED4EE319-8093-4DEB-A04E-54AAE93D4D9B}.AppStore|x86.Deploy.0 = Release|Any CPU
		{ED4EE319-8093-4DEB-A04E-54AAE93D4D9B}.Debug|Any CPU.ActiveCfg = Debug|Any CPU
		{ED4EE319-8093-4DEB-A04E-54AAE93D4D9B}.Debug|Any CPU.Build.0 = Debug|Any CPU
		{ED4EE319-8093-4DEB-A04E-54AAE93D4D9B}.Debug|Any CPU.Deploy.0 = Debug|Any CPU
		{ED4EE319-8093-4DEB-A04E-54AAE93D4D9B}.Debug|ARM.ActiveCfg = Debug|Any CPU
		{ED4EE319-8093-4DEB-A04E-54AAE93D4D9B}.Debug|ARM.Build.0 = Debug|Any CPU
		{ED4EE319-8093-4DEB-A04E-54AAE93D4D9B}.Debug|ARM.Deploy.0 = Debug|Any CPU
		{ED4EE319-8093-4DEB-A04E-54AAE93D4D9B}.Debug|iPhone.ActiveCfg = Debug|Any CPU
		{ED4EE319-8093-4DEB-A04E-54AAE93D4D9B}.Debug|iPhone.Build.0 = Debug|Any CPU
		{ED4EE319-8093-4DEB-A04E-54AAE93D4D9B}.Debug|iPhone.Deploy.0 = Debug|Any CPU
		{ED4EE319-8093-4DEB-A04E-54AAE93D4D9B}.Debug|iPhoneSimulator.ActiveCfg = Debug|Any CPU
		{ED4EE319-8093-4DEB-A04E-54AAE93D4D9B}.Debug|iPhoneSimulator.Build.0 = Debug|Any CPU
		{ED4EE319-8093-4DEB-A04E-54AAE93D4D9B}.Debug|iPhoneSimulator.Deploy.0 = Debug|Any CPU
		{ED4EE319-8093-4DEB-A04E-54AAE93D4D9B}.Debug|x64.ActiveCfg = Debug|Any CPU
		{ED4EE319-8093-4DEB-A04E-54AAE93D4D9B}.Debug|x64.Build.0 = Debug|Any CPU
		{ED4EE319-8093-4DEB-A04E-54AAE93D4D9B}.Debug|x64.Deploy.0 = Debug|Any CPU
		{ED4EE319-8093-4DEB-A04E-54AAE93D4D9B}.Debug|x86.ActiveCfg = Debug|Any CPU
		{ED4EE319-8093-4DEB-A04E-54AAE93D4D9B}.Debug|x86.Build.0 = Debug|Any CPU
		{ED4EE319-8093-4DEB-A04E-54AAE93D4D9B}.Debug|x86.Deploy.0 = Debug|Any CPU
		{ED4EE319-8093-4DEB-A04E-54AAE93D4D9B}.Release|Any CPU.ActiveCfg = Release|Any CPU
		{ED4EE319-8093-4DEB-A04E-54AAE93D4D9B}.Release|Any CPU.Build.0 = Release|Any CPU
		{ED4EE319-8093-4DEB-A04E-54AAE93D4D9B}.Release|Any CPU.Deploy.0 = Release|Any CPU
		{ED4EE319-8093-4DEB-A04E-54AAE93D4D9B}.Release|ARM.ActiveCfg = Release|Any CPU
		{ED4EE319-8093-4DEB-A04E-54AAE93D4D9B}.Release|ARM.Build.0 = Release|Any CPU
		{ED4EE319-8093-4DEB-A04E-54AAE93D4D9B}.Release|ARM.Deploy.0 = Release|Any CPU
		{ED4EE319-8093-4DEB-A04E-54AAE93D4D9B}.Release|iPhone.ActiveCfg = Release|Any CPU
		{ED4EE319-8093-4DEB-A04E-54AAE93D4D9B}.Release|iPhone.Build.0 = Release|Any CPU
		{ED4EE319-8093-4DEB-A04E-54AAE93D4D9B}.Release|iPhone.Deploy.0 = Release|Any CPU
		{ED4EE319-8093-4DEB-A04E-54AAE93D4D9B}.Release|iPhoneSimulator.ActiveCfg = Release|Any CPU
		{ED4EE319-8093-4DEB-A04E-54AAE93D4D9B}.Release|iPhoneSimulator.Build.0 = Release|Any CPU
		{ED4EE319-8093-4DEB-A04E-54AAE93D4D9B}.Release|iPhoneSimulator.Deploy.0 = Release|Any CPU
		{ED4EE319-8093-4DEB-A04E-54AAE93D4D9B}.Release|x64.ActiveCfg = Release|Any CPU
		{ED4EE319-8093-4DEB-A04E-54AAE93D4D9B}.Release|x64.Build.0 = Release|Any CPU
		{ED4EE319-8093-4DEB-A04E-54AAE93D4D9B}.Release|x64.Deploy.0 = Release|Any CPU
		{ED4EE319-8093-4DEB-A04E-54AAE93D4D9B}.Release|x86.ActiveCfg = Release|Any CPU
		{ED4EE319-8093-4DEB-A04E-54AAE93D4D9B}.Release|x86.Build.0 = Release|Any CPU
		{ED4EE319-8093-4DEB-A04E-54AAE93D4D9B}.Release|x86.Deploy.0 = Release|Any CPU
		{8DD48410-8798-46B4-B1CF-6A8D9F7C3CA7}.Ad-Hoc|Any CPU.ActiveCfg = Release|Any CPU
		{8DD48410-8798-46B4-B1CF-6A8D9F7C3CA7}.Ad-Hoc|Any CPU.Build.0 = Release|Any CPU
		{8DD48410-8798-46B4-B1CF-6A8D9F7C3CA7}.Ad-Hoc|ARM.ActiveCfg = Release|Any CPU
		{8DD48410-8798-46B4-B1CF-6A8D9F7C3CA7}.Ad-Hoc|ARM.Build.0 = Release|Any CPU
		{8DD48410-8798-46B4-B1CF-6A8D9F7C3CA7}.Ad-Hoc|iPhone.ActiveCfg = Release|Any CPU
		{8DD48410-8798-46B4-B1CF-6A8D9F7C3CA7}.Ad-Hoc|iPhone.Build.0 = Release|Any CPU
		{8DD48410-8798-46B4-B1CF-6A8D9F7C3CA7}.Ad-Hoc|iPhoneSimulator.ActiveCfg = Release|Any CPU
		{8DD48410-8798-46B4-B1CF-6A8D9F7C3CA7}.Ad-Hoc|iPhoneSimulator.Build.0 = Release|Any CPU
		{8DD48410-8798-46B4-B1CF-6A8D9F7C3CA7}.Ad-Hoc|x64.ActiveCfg = Release|Any CPU
		{8DD48410-8798-46B4-B1CF-6A8D9F7C3CA7}.Ad-Hoc|x64.Build.0 = Release|Any CPU
		{8DD48410-8798-46B4-B1CF-6A8D9F7C3CA7}.Ad-Hoc|x86.ActiveCfg = Release|Any CPU
		{8DD48410-8798-46B4-B1CF-6A8D9F7C3CA7}.Ad-Hoc|x86.Build.0 = Release|Any CPU
		{8DD48410-8798-46B4-B1CF-6A8D9F7C3CA7}.AppStore|Any CPU.ActiveCfg = Release|Any CPU
		{8DD48410-8798-46B4-B1CF-6A8D9F7C3CA7}.AppStore|Any CPU.Build.0 = Release|Any CPU
		{8DD48410-8798-46B4-B1CF-6A8D9F7C3CA7}.AppStore|ARM.ActiveCfg = Release|Any CPU
		{8DD48410-8798-46B4-B1CF-6A8D9F7C3CA7}.AppStore|ARM.Build.0 = Release|Any CPU
		{8DD48410-8798-46B4-B1CF-6A8D9F7C3CA7}.AppStore|iPhone.ActiveCfg = Release|Any CPU
		{8DD48410-8798-46B4-B1CF-6A8D9F7C3CA7}.AppStore|iPhone.Build.0 = Release|Any CPU
		{8DD48410-8798-46B4-B1CF-6A8D9F7C3CA7}.AppStore|iPhoneSimulator.ActiveCfg = Release|Any CPU
		{8DD48410-8798-46B4-B1CF-6A8D9F7C3CA7}.AppStore|iPhoneSimulator.Build.0 = Release|Any CPU
		{8DD48410-8798-46B4-B1CF-6A8D9F7C3CA7}.AppStore|x64.ActiveCfg = Release|Any CPU
		{8DD48410-8798-46B4-B1CF-6A8D9F7C3CA7}.AppStore|x64.Build.0 = Release|Any CPU
		{8DD48410-8798-46B4-B1CF-6A8D9F7C3CA7}.AppStore|x86.ActiveCfg = Release|Any CPU
		{8DD48410-8798-46B4-B1CF-6A8D9F7C3CA7}.AppStore|x86.Build.0 = Release|Any CPU
		{8DD48410-8798-46B4-B1CF-6A8D9F7C3CA7}.Debug|Any CPU.ActiveCfg = Debug|Any CPU
		{8DD48410-8798-46B4-B1CF-6A8D9F7C3CA7}.Debug|Any CPU.Build.0 = Debug|Any CPU
		{8DD48410-8798-46B4-B1CF-6A8D9F7C3CA7}.Debug|ARM.ActiveCfg = Debug|Any CPU
		{8DD48410-8798-46B4-B1CF-6A8D9F7C3CA7}.Debug|ARM.Build.0 = Debug|Any CPU
		{8DD48410-8798-46B4-B1CF-6A8D9F7C3CA7}.Debug|iPhone.ActiveCfg = Debug|Any CPU
		{8DD48410-8798-46B4-B1CF-6A8D9F7C3CA7}.Debug|iPhone.Build.0 = Debug|Any CPU
		{8DD48410-8798-46B4-B1CF-6A8D9F7C3CA7}.Debug|iPhoneSimulator.ActiveCfg = Debug|Any CPU
		{8DD48410-8798-46B4-B1CF-6A8D9F7C3CA7}.Debug|iPhoneSimulator.Build.0 = Debug|Any CPU
		{8DD48410-8798-46B4-B1CF-6A8D9F7C3CA7}.Debug|x64.ActiveCfg = Debug|Any CPU
		{8DD48410-8798-46B4-B1CF-6A8D9F7C3CA7}.Debug|x64.Build.0 = Debug|Any CPU
		{8DD48410-8798-46B4-B1CF-6A8D9F7C3CA7}.Debug|x86.ActiveCfg = Debug|Any CPU
		{8DD48410-8798-46B4-B1CF-6A8D9F7C3CA7}.Debug|x86.Build.0 = Debug|Any CPU
		{8DD48410-8798-46B4-B1CF-6A8D9F7C3CA7}.Release|Any CPU.ActiveCfg = Release|Any CPU
		{8DD48410-8798-46B4-B1CF-6A8D9F7C3CA7}.Release|Any CPU.Build.0 = Release|Any CPU
		{8DD48410-8798-46B4-B1CF-6A8D9F7C3CA7}.Release|ARM.ActiveCfg = Release|Any CPU
		{8DD48410-8798-46B4-B1CF-6A8D9F7C3CA7}.Release|ARM.Build.0 = Release|Any CPU
		{8DD48410-8798-46B4-B1CF-6A8D9F7C3CA7}.Release|iPhone.ActiveCfg = Release|Any CPU
		{8DD48410-8798-46B4-B1CF-6A8D9F7C3CA7}.Release|iPhone.Build.0 = Release|Any CPU
		{8DD48410-8798-46B4-B1CF-6A8D9F7C3CA7}.Release|iPhoneSimulator.ActiveCfg = Release|Any CPU
		{8DD48410-8798-46B4-B1CF-6A8D9F7C3CA7}.Release|iPhoneSimulator.Build.0 = Release|Any CPU
		{8DD48410-8798-46B4-B1CF-6A8D9F7C3CA7}.Release|x64.ActiveCfg = Release|Any CPU
		{8DD48410-8798-46B4-B1CF-6A8D9F7C3CA7}.Release|x64.Build.0 = Release|Any CPU
		{8DD48410-8798-46B4-B1CF-6A8D9F7C3CA7}.Release|x86.ActiveCfg = Release|Any CPU
		{8DD48410-8798-46B4-B1CF-6A8D9F7C3CA7}.Release|x86.Build.0 = Release|Any CPU
		{C510D5DC-C90B-443F-8509-1E3B3A9EC451}.Ad-Hoc|Any CPU.ActiveCfg = Release|x86
		{C510D5DC-C90B-443F-8509-1E3B3A9EC451}.Ad-Hoc|Any CPU.Build.0 = Release|x86
		{C510D5DC-C90B-443F-8509-1E3B3A9EC451}.Ad-Hoc|Any CPU.Deploy.0 = Release|x86
		{C510D5DC-C90B-443F-8509-1E3B3A9EC451}.Ad-Hoc|ARM.ActiveCfg = Release|ARM
		{C510D5DC-C90B-443F-8509-1E3B3A9EC451}.Ad-Hoc|ARM.Build.0 = Release|ARM
		{C510D5DC-C90B-443F-8509-1E3B3A9EC451}.Ad-Hoc|ARM.Deploy.0 = Release|ARM
		{C510D5DC-C90B-443F-8509-1E3B3A9EC451}.Ad-Hoc|iPhone.ActiveCfg = Release|x86
		{C510D5DC-C90B-443F-8509-1E3B3A9EC451}.Ad-Hoc|iPhone.Build.0 = Release|x86
		{C510D5DC-C90B-443F-8509-1E3B3A9EC451}.Ad-Hoc|iPhone.Deploy.0 = Release|x86
		{C510D5DC-C90B-443F-8509-1E3B3A9EC451}.Ad-Hoc|iPhoneSimulator.ActiveCfg = Release|x86
		{C510D5DC-C90B-443F-8509-1E3B3A9EC451}.Ad-Hoc|iPhoneSimulator.Build.0 = Release|x86
		{C510D5DC-C90B-443F-8509-1E3B3A9EC451}.Ad-Hoc|iPhoneSimulator.Deploy.0 = Release|x86
		{C510D5DC-C90B-443F-8509-1E3B3A9EC451}.Ad-Hoc|x64.ActiveCfg = Release|x64
		{C510D5DC-C90B-443F-8509-1E3B3A9EC451}.Ad-Hoc|x64.Build.0 = Release|x64
		{C510D5DC-C90B-443F-8509-1E3B3A9EC451}.Ad-Hoc|x64.Deploy.0 = Release|x64
		{C510D5DC-C90B-443F-8509-1E3B3A9EC451}.Ad-Hoc|x86.ActiveCfg = Release|x86
		{C510D5DC-C90B-443F-8509-1E3B3A9EC451}.Ad-Hoc|x86.Build.0 = Release|x86
		{C510D5DC-C90B-443F-8509-1E3B3A9EC451}.Ad-Hoc|x86.Deploy.0 = Release|x86
		{C510D5DC-C90B-443F-8509-1E3B3A9EC451}.AppStore|Any CPU.ActiveCfg = Release|x86
		{C510D5DC-C90B-443F-8509-1E3B3A9EC451}.AppStore|Any CPU.Build.0 = Release|x86
		{C510D5DC-C90B-443F-8509-1E3B3A9EC451}.AppStore|Any CPU.Deploy.0 = Release|x86
		{C510D5DC-C90B-443F-8509-1E3B3A9EC451}.AppStore|ARM.ActiveCfg = Release|ARM
		{C510D5DC-C90B-443F-8509-1E3B3A9EC451}.AppStore|ARM.Build.0 = Release|ARM
		{C510D5DC-C90B-443F-8509-1E3B3A9EC451}.AppStore|ARM.Deploy.0 = Release|ARM
		{C510D5DC-C90B-443F-8509-1E3B3A9EC451}.AppStore|iPhone.ActiveCfg = Release|x86
		{C510D5DC-C90B-443F-8509-1E3B3A9EC451}.AppStore|iPhone.Build.0 = Release|x86
		{C510D5DC-C90B-443F-8509-1E3B3A9EC451}.AppStore|iPhone.Deploy.0 = Release|x86
		{C510D5DC-C90B-443F-8509-1E3B3A9EC451}.AppStore|iPhoneSimulator.ActiveCfg = Release|x86
		{C510D5DC-C90B-443F-8509-1E3B3A9EC451}.AppStore|iPhoneSimulator.Build.0 = Release|x86
		{C510D5DC-C90B-443F-8509-1E3B3A9EC451}.AppStore|iPhoneSimulator.Deploy.0 = Release|x86
		{C510D5DC-C90B-443F-8509-1E3B3A9EC451}.AppStore|x64.ActiveCfg = Release|x64
		{C510D5DC-C90B-443F-8509-1E3B3A9EC451}.AppStore|x64.Build.0 = Release|x64
		{C510D5DC-C90B-443F-8509-1E3B3A9EC451}.AppStore|x64.Deploy.0 = Release|x64
		{C510D5DC-C90B-443F-8509-1E3B3A9EC451}.AppStore|x86.ActiveCfg = Release|x86
		{C510D5DC-C90B-443F-8509-1E3B3A9EC451}.AppStore|x86.Build.0 = Release|x86
		{C510D5DC-C90B-443F-8509-1E3B3A9EC451}.AppStore|x86.Deploy.0 = Release|x86
		{C510D5DC-C90B-443F-8509-1E3B3A9EC451}.Debug|Any CPU.ActiveCfg = Debug|x86
		{C510D5DC-C90B-443F-8509-1E3B3A9EC451}.Debug|ARM.ActiveCfg = Debug|ARM
		{C510D5DC-C90B-443F-8509-1E3B3A9EC451}.Debug|ARM.Build.0 = Debug|ARM
		{C510D5DC-C90B-443F-8509-1E3B3A9EC451}.Debug|ARM.Deploy.0 = Debug|ARM
		{C510D5DC-C90B-443F-8509-1E3B3A9EC451}.Debug|iPhone.ActiveCfg = Debug|x86
		{C510D5DC-C90B-443F-8509-1E3B3A9EC451}.Debug|iPhoneSimulator.ActiveCfg = Debug|x86
		{C510D5DC-C90B-443F-8509-1E3B3A9EC451}.Debug|x64.ActiveCfg = Debug|x64
		{C510D5DC-C90B-443F-8509-1E3B3A9EC451}.Debug|x64.Build.0 = Debug|x64
		{C510D5DC-C90B-443F-8509-1E3B3A9EC451}.Debug|x64.Deploy.0 = Debug|x64
		{C510D5DC-C90B-443F-8509-1E3B3A9EC451}.Debug|x86.ActiveCfg = Debug|x86
		{C510D5DC-C90B-443F-8509-1E3B3A9EC451}.Debug|x86.Build.0 = Debug|x86
		{C510D5DC-C90B-443F-8509-1E3B3A9EC451}.Debug|x86.Deploy.0 = Debug|x86
		{C510D5DC-C90B-443F-8509-1E3B3A9EC451}.Release|Any CPU.ActiveCfg = Release|x86
		{C510D5DC-C90B-443F-8509-1E3B3A9EC451}.Release|ARM.ActiveCfg = Release|ARM
		{C510D5DC-C90B-443F-8509-1E3B3A9EC451}.Release|ARM.Build.0 = Release|ARM
		{C510D5DC-C90B-443F-8509-1E3B3A9EC451}.Release|ARM.Deploy.0 = Release|ARM
		{C510D5DC-C90B-443F-8509-1E3B3A9EC451}.Release|iPhone.ActiveCfg = Release|x86
		{C510D5DC-C90B-443F-8509-1E3B3A9EC451}.Release|iPhoneSimulator.ActiveCfg = Release|x86
		{C510D5DC-C90B-443F-8509-1E3B3A9EC451}.Release|x64.ActiveCfg = Release|x64
		{C510D5DC-C90B-443F-8509-1E3B3A9EC451}.Release|x64.Build.0 = Release|x64
		{C510D5DC-C90B-443F-8509-1E3B3A9EC451}.Release|x64.Deploy.0 = Release|x64
		{C510D5DC-C90B-443F-8509-1E3B3A9EC451}.Release|x86.ActiveCfg = Release|x86
		{C510D5DC-C90B-443F-8509-1E3B3A9EC451}.Release|x86.Build.0 = Release|x86
		{C510D5DC-C90B-443F-8509-1E3B3A9EC451}.Release|x86.Deploy.0 = Release|x86
		{7FBA5C7A-4EEC-405F-8BD3-16F2BD6F6759}.Ad-Hoc|Any CPU.ActiveCfg = Ad-Hoc|iPhone
		{7FBA5C7A-4EEC-405F-8BD3-16F2BD6F6759}.Ad-Hoc|ARM.ActiveCfg = Ad-Hoc|iPhone
		{7FBA5C7A-4EEC-405F-8BD3-16F2BD6F6759}.Ad-Hoc|iPhone.ActiveCfg = Ad-Hoc|iPhone
		{7FBA5C7A-4EEC-405F-8BD3-16F2BD6F6759}.Ad-Hoc|iPhone.Build.0 = Ad-Hoc|iPhone
		{7FBA5C7A-4EEC-405F-8BD3-16F2BD6F6759}.Ad-Hoc|iPhoneSimulator.ActiveCfg = Ad-Hoc|iPhoneSimulator
		{7FBA5C7A-4EEC-405F-8BD3-16F2BD6F6759}.Ad-Hoc|iPhoneSimulator.Build.0 = Ad-Hoc|iPhoneSimulator
		{7FBA5C7A-4EEC-405F-8BD3-16F2BD6F6759}.Ad-Hoc|x64.ActiveCfg = Ad-Hoc|iPhone
		{7FBA5C7A-4EEC-405F-8BD3-16F2BD6F6759}.Ad-Hoc|x86.ActiveCfg = Ad-Hoc|iPhone
		{7FBA5C7A-4EEC-405F-8BD3-16F2BD6F6759}.AppStore|Any CPU.ActiveCfg = AppStore|iPhone
		{7FBA5C7A-4EEC-405F-8BD3-16F2BD6F6759}.AppStore|ARM.ActiveCfg = AppStore|iPhone
		{7FBA5C7A-4EEC-405F-8BD3-16F2BD6F6759}.AppStore|iPhone.ActiveCfg = AppStore|iPhone
		{7FBA5C7A-4EEC-405F-8BD3-16F2BD6F6759}.AppStore|iPhone.Build.0 = AppStore|iPhone
		{7FBA5C7A-4EEC-405F-8BD3-16F2BD6F6759}.AppStore|iPhoneSimulator.ActiveCfg = AppStore|iPhoneSimulator
		{7FBA5C7A-4EEC-405F-8BD3-16F2BD6F6759}.AppStore|iPhoneSimulator.Build.0 = AppStore|iPhoneSimulator
		{7FBA5C7A-4EEC-405F-8BD3-16F2BD6F6759}.AppStore|x64.ActiveCfg = AppStore|iPhone
		{7FBA5C7A-4EEC-405F-8BD3-16F2BD6F6759}.AppStore|x86.ActiveCfg = AppStore|iPhone
		{7FBA5C7A-4EEC-405F-8BD3-16F2BD6F6759}.Debug|Any CPU.ActiveCfg = Debug|iPhone
		{7FBA5C7A-4EEC-405F-8BD3-16F2BD6F6759}.Debug|ARM.ActiveCfg = Debug|iPhone
		{7FBA5C7A-4EEC-405F-8BD3-16F2BD6F6759}.Debug|iPhone.ActiveCfg = Debug|iPhone
		{7FBA5C7A-4EEC-405F-8BD3-16F2BD6F6759}.Debug|iPhone.Build.0 = Debug|iPhone
		{7FBA5C7A-4EEC-405F-8BD3-16F2BD6F6759}.Debug|iPhoneSimulator.ActiveCfg = Debug|iPhoneSimulator
		{7FBA5C7A-4EEC-405F-8BD3-16F2BD6F6759}.Debug|iPhoneSimulator.Build.0 = Debug|iPhoneSimulator
		{7FBA5C7A-4EEC-405F-8BD3-16F2BD6F6759}.Debug|x64.ActiveCfg = Debug|iPhone
		{7FBA5C7A-4EEC-405F-8BD3-16F2BD6F6759}.Debug|x86.ActiveCfg = Debug|iPhone
		{7FBA5C7A-4EEC-405F-8BD3-16F2BD6F6759}.Release|Any CPU.ActiveCfg = Release|iPhone
		{7FBA5C7A-4EEC-405F-8BD3-16F2BD6F6759}.Release|ARM.ActiveCfg = Release|iPhone
		{7FBA5C7A-4EEC-405F-8BD3-16F2BD6F6759}.Release|iPhone.ActiveCfg = Release|iPhone
		{7FBA5C7A-4EEC-405F-8BD3-16F2BD6F6759}.Release|iPhone.Build.0 = Release|iPhone
		{7FBA5C7A-4EEC-405F-8BD3-16F2BD6F6759}.Release|iPhoneSimulator.ActiveCfg = Release|iPhoneSimulator
		{7FBA5C7A-4EEC-405F-8BD3-16F2BD6F6759}.Release|iPhoneSimulator.Build.0 = Release|iPhoneSimulator
		{7FBA5C7A-4EEC-405F-8BD3-16F2BD6F6759}.Release|x64.ActiveCfg = Release|iPhone
		{7FBA5C7A-4EEC-405F-8BD3-16F2BD6F6759}.Release|x86.ActiveCfg = Release|iPhone
		{24DDCBE7-068B-49B5-9720-ADBB9D9DF85F}.Ad-Hoc|Any CPU.ActiveCfg = Release|Any CPU
		{24DDCBE7-068B-49B5-9720-ADBB9D9DF85F}.Ad-Hoc|Any CPU.Build.0 = Release|Any CPU
		{24DDCBE7-068B-49B5-9720-ADBB9D9DF85F}.Ad-Hoc|ARM.ActiveCfg = Release|Any CPU
		{24DDCBE7-068B-49B5-9720-ADBB9D9DF85F}.Ad-Hoc|ARM.Build.0 = Release|Any CPU
		{24DDCBE7-068B-49B5-9720-ADBB9D9DF85F}.Ad-Hoc|iPhone.ActiveCfg = Release|Any CPU
		{24DDCBE7-068B-49B5-9720-ADBB9D9DF85F}.Ad-Hoc|iPhone.Build.0 = Release|Any CPU
		{24DDCBE7-068B-49B5-9720-ADBB9D9DF85F}.Ad-Hoc|iPhoneSimulator.ActiveCfg = Release|Any CPU
		{24DDCBE7-068B-49B5-9720-ADBB9D9DF85F}.Ad-Hoc|iPhoneSimulator.Build.0 = Release|Any CPU
		{24DDCBE7-068B-49B5-9720-ADBB9D9DF85F}.Ad-Hoc|x64.ActiveCfg = Release|Any CPU
		{24DDCBE7-068B-49B5-9720-ADBB9D9DF85F}.Ad-Hoc|x64.Build.0 = Release|Any CPU
		{24DDCBE7-068B-49B5-9720-ADBB9D9DF85F}.Ad-Hoc|x86.ActiveCfg = Release|Any CPU
		{24DDCBE7-068B-49B5-9720-ADBB9D9DF85F}.Ad-Hoc|x86.Build.0 = Release|Any CPU
		{24DDCBE7-068B-49B5-9720-ADBB9D9DF85F}.AppStore|Any CPU.ActiveCfg = Release|Any CPU
		{24DDCBE7-068B-49B5-9720-ADBB9D9DF85F}.AppStore|Any CPU.Build.0 = Release|Any CPU
		{24DDCBE7-068B-49B5-9720-ADBB9D9DF85F}.AppStore|ARM.ActiveCfg = Release|Any CPU
		{24DDCBE7-068B-49B5-9720-ADBB9D9DF85F}.AppStore|ARM.Build.0 = Release|Any CPU
		{24DDCBE7-068B-49B5-9720-ADBB9D9DF85F}.AppStore|iPhone.ActiveCfg = Release|Any CPU
		{24DDCBE7-068B-49B5-9720-ADBB9D9DF85F}.AppStore|iPhone.Build.0 = Release|Any CPU
		{24DDCBE7-068B-49B5-9720-ADBB9D9DF85F}.AppStore|iPhoneSimulator.ActiveCfg = Release|Any CPU
		{24DDCBE7-068B-49B5-9720-ADBB9D9DF85F}.AppStore|iPhoneSimulator.Build.0 = Release|Any CPU
		{24DDCBE7-068B-49B5-9720-ADBB9D9DF85F}.AppStore|x64.ActiveCfg = Release|Any CPU
		{24DDCBE7-068B-49B5-9720-ADBB9D9DF85F}.AppStore|x64.Build.0 = Release|Any CPU
		{24DDCBE7-068B-49B5-9720-ADBB9D9DF85F}.AppStore|x86.ActiveCfg = Release|Any CPU
		{24DDCBE7-068B-49B5-9720-ADBB9D9DF85F}.AppStore|x86.Build.0 = Release|Any CPU
		{24DDCBE7-068B-49B5-9720-ADBB9D9DF85F}.Debug|Any CPU.ActiveCfg = Debug|Any CPU
		{24DDCBE7-068B-49B5-9720-ADBB9D9DF85F}.Debug|Any CPU.Build.0 = Debug|Any CPU
		{24DDCBE7-068B-49B5-9720-ADBB9D9DF85F}.Debug|ARM.ActiveCfg = Debug|Any CPU
		{24DDCBE7-068B-49B5-9720-ADBB9D9DF85F}.Debug|ARM.Build.0 = Debug|Any CPU
		{24DDCBE7-068B-49B5-9720-ADBB9D9DF85F}.Debug|iPhone.ActiveCfg = Debug|Any CPU
		{24DDCBE7-068B-49B5-9720-ADBB9D9DF85F}.Debug|iPhone.Build.0 = Debug|Any CPU
		{24DDCBE7-068B-49B5-9720-ADBB9D9DF85F}.Debug|iPhoneSimulator.ActiveCfg = Debug|Any CPU
		{24DDCBE7-068B-49B5-9720-ADBB9D9DF85F}.Debug|iPhoneSimulator.Build.0 = Debug|Any CPU
		{24DDCBE7-068B-49B5-9720-ADBB9D9DF85F}.Debug|x64.ActiveCfg = Debug|Any CPU
		{24DDCBE7-068B-49B5-9720-ADBB9D9DF85F}.Debug|x64.Build.0 = Debug|Any CPU
		{24DDCBE7-068B-49B5-9720-ADBB9D9DF85F}.Debug|x86.ActiveCfg = Debug|Any CPU
		{24DDCBE7-068B-49B5-9720-ADBB9D9DF85F}.Debug|x86.Build.0 = Debug|Any CPU
		{24DDCBE7-068B-49B5-9720-ADBB9D9DF85F}.Release|Any CPU.ActiveCfg = Release|Any CPU
		{24DDCBE7-068B-49B5-9720-ADBB9D9DF85F}.Release|Any CPU.Build.0 = Release|Any CPU
		{24DDCBE7-068B-49B5-9720-ADBB9D9DF85F}.Release|ARM.ActiveCfg = Release|Any CPU
		{24DDCBE7-068B-49B5-9720-ADBB9D9DF85F}.Release|ARM.Build.0 = Release|Any CPU
		{24DDCBE7-068B-49B5-9720-ADBB9D9DF85F}.Release|iPhone.ActiveCfg = Release|Any CPU
		{24DDCBE7-068B-49B5-9720-ADBB9D9DF85F}.Release|iPhone.Build.0 = Release|Any CPU
		{24DDCBE7-068B-49B5-9720-ADBB9D9DF85F}.Release|iPhoneSimulator.ActiveCfg = Release|Any CPU
		{24DDCBE7-068B-49B5-9720-ADBB9D9DF85F}.Release|iPhoneSimulator.Build.0 = Release|Any CPU
		{24DDCBE7-068B-49B5-9720-ADBB9D9DF85F}.Release|x64.ActiveCfg = Release|Any CPU
		{24DDCBE7-068B-49B5-9720-ADBB9D9DF85F}.Release|x64.Build.0 = Release|Any CPU
		{24DDCBE7-068B-49B5-9720-ADBB9D9DF85F}.Release|x86.ActiveCfg = Release|Any CPU
		{24DDCBE7-068B-49B5-9720-ADBB9D9DF85F}.Release|x86.Build.0 = Release|Any CPU
	EndGlobalSection
	GlobalSection(SolutionProperties) = preSolution
		HideSolutionNode = FALSE
	EndGlobalSection
	GlobalSection(NestedProjects) = preSolution
		{ED4EE319-8093-4DEB-A04E-54AAE93D4D9B} = {5400B182-B63D-4A6C-832A-215A0E811AAC}
		{8DD48410-8798-46B4-B1CF-6A8D9F7C3CA7} = {5400B182-B63D-4A6C-832A-215A0E811AAC}
		{C510D5DC-C90B-443F-8509-1E3B3A9EC451} = {5400B182-B63D-4A6C-832A-215A0E811AAC}
		{7FBA5C7A-4EEC-405F-8BD3-16F2BD6F6759} = {5400B182-B63D-4A6C-832A-215A0E811AAC}
	EndGlobalSection
EndGlobal
